{
  "name": "tamakiii-dotfiles",
  "version": "1.0.0",
  "lockfileVersion": 3,
  "requires": true,
  "packages": {
    "": {
      "name": "tamakiii-dotfiles",
      "version": "1.0.0",
      "license": "ISC",
      "dependencies": {
        "typescript-language-server": "^4.3.3"
      }
    },
    "node_modules/typescript-language-server": {
      "version": "4.3.3",
      "resolved": "https://registry.npmjs.org/typescript-language-server/-/typescript-language-server-4.3.3.tgz",
      "integrity": "sha512-3QLj57Ru9S6zv10sa4z1pA3TIR1Rdkd04Ke0EszbO4fx5PLdlYhlC/PMxwlyxls9wrZs7wPCME1Ru0s1Gabz4Q==",
      "bin": {
        "typescript-language-server": "lib/cli.mjs"
      },
      "engines": {
        "node": ">=18"
      }
    }
  }
}
